
Microsoft Visual Studio Solution File, Format Version 10.00
# Visual Studio 2008
Project("{8BC9CEB8-8B4A-11D0-8D11-00A0C91BC942}") = "OnSipCore", "OnSipCore\OnSipCore.vcproj", "{7AA40068-F3C1-40D5-9228-AC3851363F84}"
EndProject
Project("{8BC9CEB8-8B4A-11D0-8D11-00A0C91BC942}") = "TestOnSipCore", "TestOnSipCore\TestOnSipCore.vcproj", "{2AD40E1F-69EE-4DD1-838C-30F9CC4DD7E4}"
EndProject
Project("{8BC9CEB8-8B4A-11D0-8D11-00A0C91BC942}") = "gloox", "gloox\gloox.vcproj", "{F50EF1F9-FAA4-4A54-9D80-08AC64A673F9}"
EndProject
Project("{8BC9CEB8-8B4A-11D0-8D11-00A0C91BC942}") = "OnSipInstall", "OnSipInstall\OnSipInstallDLL\OnSipInstall.vcproj", "{44B934E8-A4FF-421F-9E6D-54FD9B4B6FA7}"
EndProject
Global
	GlobalSection(SolutionConfigurationPlatforms) = preSolution
		Debug|Any CPU = Debug|Any CPU
		Debug|Mixed Platforms = Debug|Mixed Platforms
		Debug|Win32 = Debug|Win32
		Debug|x64 = Debug|x64
		Release|Any CPU = Release|Any CPU
		Release|Mixed Platforms = Release|Mixed Platforms
		Release|Win32 = Release|Win32
		Release|x64 = Release|x64
	EndGlobalSection
	GlobalSection(ProjectConfigurationPlatforms) = postSolution
		{7AA40068-F3C1-40D5-9228-AC3851363F84}.Debug|Any CPU.ActiveCfg = Debug|Win32
		{7AA40068-F3C1-40D5-9228-AC3851363F84}.Debug|Mixed Platforms.ActiveCfg = Debug|Win32
		{7AA40068-F3C1-40D5-9228-AC3851363F84}.Debug|Mixed Platforms.Build.0 = Debug|Win32
		{7AA40068-F3C1-40D5-9228-AC3851363F84}.Debug|Win32.ActiveCfg = Debug|Win32
		{7AA40068-F3C1-40D5-9228-AC3851363F84}.Debug|Win32.Build.0 = Debug|Win32
		{7AA40068-F3C1-40D5-9228-AC3851363F84}.Debug|x64.ActiveCfg = Debug|x64
		{7AA40068-F3C1-40D5-9228-AC3851363F84}.Debug|x64.Build.0 = Debug|x64
		{7AA40068-F3C1-40D5-9228-AC3851363F84}.Release|Any CPU.ActiveCfg = Release|Win32
		{7AA40068-F3C1-40D5-9228-AC3851363F84}.Release|Mixed Platforms.ActiveCfg = Release|Win32
		{7AA40068-F3C1-40D5-9228-AC3851363F84}.Release|Mixed Platforms.Build.0 = Release|Win32
		{7AA40068-F3C1-40D5-9228-AC3851363F84}.Release|Win32.ActiveCfg = Release|Win32
		{7AA40068-F3C1-40D5-9228-AC3851363F84}.Release|Win32.Build.0 = Release|Win32
		{7AA40068-F3C1-40D5-9228-AC3851363F84}.Release|x64.ActiveCfg = Release|x64
		{7AA40068-F3C1-40D5-9228-AC3851363F84}.Release|x64.Build.0 = Release|x64
		{2AD40E1F-69EE-4DD1-838C-30F9CC4DD7E4}.Debug|Any CPU.ActiveCfg = Debug|Win32
		{2AD40E1F-69EE-4DD1-838C-30F9CC4DD7E4}.Debug|Mixed Platforms.ActiveCfg = Debug|Win32
		{2AD40E1F-69EE-4DD1-838C-30F9CC4DD7E4}.Debug|Mixed Platforms.Build.0 = Debug|Win32
		{2AD40E1F-69EE-4DD1-838C-30F9CC4DD7E4}.Debug|Win32.ActiveCfg = Debug|Win32
		{2AD40E1F-69EE-4DD1-838C-30F9CC4DD7E4}.Debug|Win32.Build.0 = Debug|Win32
		{2AD40E1F-69EE-4DD1-838C-30F9CC4DD7E4}.Debug|x64.ActiveCfg = Debug|Win32
		{2AD40E1F-69EE-4DD1-838C-30F9CC4DD7E4}.Release|Any CPU.ActiveCfg = Release|Win32
		{2AD40E1F-69EE-4DD1-838C-30F9CC4DD7E4}.Release|Mixed Platforms.ActiveCfg = Release|Win32
		{2AD40E1F-69EE-4DD1-838C-30F9CC4DD7E4}.Release|Mixed Platforms.Build.0 = Release|Win32
		{2AD40E1F-69EE-4DD1-838C-30F9CC4DD7E4}.Release|Win32.ActiveCfg = Release|Win32
		{2AD40E1F-69EE-4DD1-838C-30F9CC4DD7E4}.Release|Win32.Build.0 = Release|Win32
		{2AD40E1F-69EE-4DD1-838C-30F9CC4DD7E4}.Release|x64.ActiveCfg = Release|Win32
		{F50EF1F9-FAA4-4A54-9D80-08AC64A673F9}.Debug|Any CPU.ActiveCfg = Debug|Win32
		{F50EF1F9-FAA4-4A54-9D80-08AC64A673F9}.Debug|Mixed Platforms.ActiveCfg = Debug|Win32
		{F50EF1F9-FAA4-4A54-9D80-08AC64A673F9}.Debug|Mixed Platforms.Build.0 = Debug|Win32
		{F50EF1F9-FAA4-4A54-9D80-08AC64A673F9}.Debug|Win32.ActiveCfg = Debug|Win32
		{F50EF1F9-FAA4-4A54-9D80-08AC64A673F9}.Debug|Win32.Build.0 = Debug|Win32
		{F50EF1F9-FAA4-4A54-9D80-08AC64A673F9}.Debug|x64.ActiveCfg = Debug|x64
		{F50EF1F9-FAA4-4A54-9D80-08AC64A673F9}.Release|Any CPU.ActiveCfg = Release|Win32
		{F50EF1F9-FAA4-4A54-9D80-08AC64A673F9}.Release|Mixed Platforms.ActiveCfg = Release|Win32
		{F50EF1F9-FAA4-4A54-9D80-08AC64A673F9}.Release|Mixed Platforms.Build.0 = Release|Win32
		{F50EF1F9-FAA4-4A54-9D80-08AC64A673F9}.Release|Win32.ActiveCfg = Release|Win32
		{F50EF1F9-FAA4-4A54-9D80-08AC64A673F9}.Release|Win32.Build.0 = Release|Win32
		{F50EF1F9-FAA4-4A54-9D80-08AC64A673F9}.Release|x64.ActiveCfg = Release|Win32
		{44B934E8-A4FF-421F-9E6D-54FD9B4B6FA7}.Debug|Any CPU.ActiveCfg = Debug|Win32
		{44B934E8-A4FF-421F-9E6D-54FD9B4B6FA7}.Debug|Mixed Platforms.ActiveCfg = Debug|Win32
		{44B934E8-A4FF-421F-9E6D-54FD9B4B6FA7}.Debug|Mixed Platforms.Build.0 = Debug|Win32
		{44B934E8-A4FF-421F-9E6D-54FD9B4B6FA7}.Debug|Win32.ActiveCfg = Debug|Win32
		{44B934E8-A4FF-421F-9E6D-54FD9B4B6FA7}.Debug|Win32.Build.0 = Debug|Win32
		{44B934E8-A4FF-421F-9E6D-54FD9B4B6FA7}.Debug|x64.ActiveCfg = Debug|Win32
		{44B934E8-A4FF-421F-9E6D-54FD9B4B6FA7}.Release|Any CPU.ActiveCfg = Release|Win32
		{44B934E8-A4FF-421F-9E6D-54FD9B4B6FA7}.Release|Mixed Platforms.ActiveCfg = Release|Win32
		{44B934E8-A4FF-421F-9E6D-54FD9B4B6FA7}.Release|Mixed Platforms.Build.0 = Release|Win32
		{44B934E8-A4FF-421F-9E6D-54FD9B4B6FA7}.Release|Win32.ActiveCfg = Release|Win32
		{44B934E8-A4FF-421F-9E6D-54FD9B4B6FA7}.Release|Win32.Build.0 = Release|Win32
		{44B934E8-A4FF-421F-9E6D-54FD9B4B6FA7}.Release|x64.ActiveCfg = Release|Win32
	EndGlobalSection
	GlobalSection(SolutionProperties) = preSolution
		HideSolutionNode = FALSE
	EndGlobalSection
EndGlobal
